
Microsoft Visual Studio Solution File, Format Version 12.00
# Visual Studio Version 17
VisualStudioVersion = 17.6.33815.320
MinimumVisualStudioVersion = 10.0.40219.1
Project("{9A19103F-16F7-4668-BE54-9A1E7A4F7556}") = "Domain", "Domain\Domain.csproj", "{CDC6ED89-A793-448D-BD16-0FAC8970996A}"
EndProject
Project("{9A19103F-16F7-4668-BE54-9A1E7A4F7556}") = "WPF_Desktop", "WPF_Desktop\WPF_Desktop.csproj", "{3B06DCF5-574C-4E66-8D0D-4B95653B2798}"
EndProject
Project("{9A19103F-16F7-4668-BE54-9A1E7A4F7556}") = "Infrastructure", "Infrastructure\Infrastructure.csproj", "{B2A3A095-656A-40B1-8265-B1E569DA85BA}"
EndProject
Project("{9A19103F-16F7-4668-BE54-9A1E7A4F7556}") = "Core", "Application\Core.csproj", "{8906ED1A-8CBD-4C7B-A01B-3C9DB956FEF0}"
EndProject
Project("{2150E333-8FDC-42A3-9474-1A3956D46DE8}") = "tests", "tests", "{0AB3BF05-4346-4AA6-1389-037BE0695223}"
EndProject
Project("{FAE04EC0-301F-11D3-BF4B-00C04F79EFBC}") = "EDUSIS.TestSupport", "tests\EDUSIS.TestSupport\EDUSIS.TestSupport.csproj", "{7391D385-38CC-4A89-B249-EAD6F80D383B}"
EndProject
Project("{2150E333-8FDC-42A3-9474-1A3956D46DE8}") = "Application", "Application", "{A74F262E-BDE7-D5D2-89E9-785413424D0A}"
EndProject
Project("{FAE04EC0-301F-11D3-BF4B-00C04F79EFBC}") = "Domain.UnitTests", "tests\Domain.UnitTests\Domain.UnitTests.csproj", "{29570AEC-C68D-4C6C-A3F7-F89A64045F25}"
EndProject
Project("{FAE04EC0-301F-11D3-BF4B-00C04F79EFBC}") = "Core.UnitTests", "tests\Core.UnitTests\Core.UnitTests.csproj", "{81F101CA-F33D-45AE-8A40-FE6E4F2289B3}"
EndProject
Project("{FAE04EC0-301F-11D3-BF4B-00C04F79EFBC}") = "Infrastructure.IntegrationTests", "tests\Infrastructure.IntegrationTests\Infrastructure.IntegrationTests.csproj", "{FBA9DC07-E8A5-4B13-8A0B-4ED115FA5EFB}"
EndProject
Project("{FAE04EC0-301F-11D3-BF4B-00C04F79EFBC}") = "EDUSIS.EndToEndTests", "tests\EDUSIS.EndToEndTests\EDUSIS.EndToEndTests.csproj", "{0E6AEBD2-568D-4C0E-B5E8-5F9A8D5732B1}"
EndProject
Global
	GlobalSection(SolutionConfigurationPlatforms) = preSolution
		Debug|Any CPU = Debug|Any CPU
		Debug|x64 = Debug|x64
		Debug|x86 = Debug|x86
		Release|Any CPU = Release|Any CPU
		Release|x64 = Release|x64
		Release|x86 = Release|x86
	EndGlobalSection
	GlobalSection(ProjectConfigurationPlatforms) = postSolution
		{CDC6ED89-A793-448D-BD16-0FAC8970996A}.Debug|Any CPU.ActiveCfg = Debug|Any CPU
		{CDC6ED89-A793-448D-BD16-0FAC8970996A}.Debug|Any CPU.Build.0 = Debug|Any CPU
		{CDC6ED89-A793-448D-BD16-0FAC8970996A}.Debug|x64.ActiveCfg = Debug|Any CPU
		{CDC6ED89-A793-448D-BD16-0FAC8970996A}.Debug|x64.Build.0 = Debug|Any CPU
		{CDC6ED89-A793-448D-BD16-0FAC8970996A}.Debug|x86.ActiveCfg = Debug|Any CPU
		{CDC6ED89-A793-448D-BD16-0FAC8970996A}.Debug|x86.Build.0 = Debug|Any CPU
		{CDC6ED89-A793-448D-BD16-0FAC8970996A}.Release|Any CPU.ActiveCfg = Release|Any CPU
		{CDC6ED89-A793-448D-BD16-0FAC8970996A}.Release|Any CPU.Build.0 = Release|Any CPU
		{CDC6ED89-A793-448D-BD16-0FAC8970996A}.Release|x64.ActiveCfg = Release|Any CPU
		{CDC6ED89-A793-448D-BD16-0FAC8970996A}.Release|x64.Build.0 = Release|Any CPU
		{CDC6ED89-A793-448D-BD16-0FAC8970996A}.Release|x86.ActiveCfg = Release|Any CPU
		{CDC6ED89-A793-448D-BD16-0FAC8970996A}.Release|x86.Build.0 = Release|Any CPU
		{3B06DCF5-574C-4E66-8D0D-4B95653B2798}.Debug|Any CPU.ActiveCfg = Debug|Any CPU
		{3B06DCF5-574C-4E66-8D0D-4B95653B2798}.Debug|Any CPU.Build.0 = Debug|Any CPU
		{3B06DCF5-574C-4E66-8D0D-4B95653B2798}.Debug|x64.ActiveCfg = Debug|Any CPU
		{3B06DCF5-574C-4E66-8D0D-4B95653B2798}.Debug|x64.Build.0 = Debug|Any CPU
		{3B06DCF5-574C-4E66-8D0D-4B95653B2798}.Debug|x86.ActiveCfg = Debug|Any CPU
		{3B06DCF5-574C-4E66-8D0D-4B95653B2798}.Debug|x86.Build.0 = Debug|Any CPU
		{3B06DCF5-574C-4E66-8D0D-4B95653B2798}.Release|Any CPU.ActiveCfg = Release|Any CPU
		{3B06DCF5-574C-4E66-8D0D-4B95653B2798}.Release|Any CPU.Build.0 = Release|Any CPU
		{3B06DCF5-574C-4E66-8D0D-4B95653B2798}.Release|x64.ActiveCfg = Release|Any CPU
		{3B06DCF5-574C-4E66-8D0D-4B95653B2798}.Release|x64.Build.0 = Release|Any CPU
		{3B06DCF5-574C-4E66-8D0D-4B95653B2798}.Release|x86.ActiveCfg = Release|Any CPU
		{3B06DCF5-574C-4E66-8D0D-4B95653B2798}.Release|x86.Build.0 = Release|Any CPU
		{B2A3A095-656A-40B1-8265-B1E569DA85BA}.Debug|Any CPU.ActiveCfg = Debug|Any CPU
		{B2A3A095-656A-40B1-8265-B1E569DA85BA}.Debug|Any CPU.Build.0 = Debug|Any CPU
		{B2A3A095-656A-40B1-8265-B1E569DA85BA}.Debug|x64.ActiveCfg = Debug|Any CPU
		{B2A3A095-656A-40B1-8265-B1E569DA85BA}.Debug|x64.Build.0 = Debug|Any CPU
		{B2A3A095-656A-40B1-8265-B1E569DA85BA}.Debug|x86.ActiveCfg = Debug|Any CPU
		{B2A3A095-656A-40B1-8265-B1E569DA85BA}.Debug|x86.Build.0 = Debug|Any CPU
		{B2A3A095-656A-40B1-8265-B1E569DA85BA}.Release|Any CPU.ActiveCfg = Release|Any CPU
		{B2A3A095-656A-40B1-8265-B1E569DA85BA}.Release|Any CPU.Build.0 = Release|Any CPU
		{B2A3A095-656A-40B1-8265-B1E569DA85BA}.Release|x64.ActiveCfg = Release|Any CPU
		{B2A3A095-656A-40B1-8265-B1E569DA85BA}.Release|x64.Build.0 = Release|Any CPU
		{B2A3A095-656A-40B1-8265-B1E569DA85BA}.Release|x86.ActiveCfg = Release|Any CPU
		{B2A3A095-656A-40B1-8265-B1E569DA85BA}.Release|x86.Build.0 = Release|Any CPU
		{8906ED1A-8CBD-4C7B-A01B-3C9DB956FEF0}.Debug|Any CPU.ActiveCfg = Debug|Any CPU
		{8906ED1A-8CBD-4C7B-A01B-3C9DB956FEF0}.Debug|Any CPU.Build.0 = Debug|Any CPU
		{8906ED1A-8CBD-4C7B-A01B-3C9DB956FEF0}.Debug|x64.ActiveCfg = Debug|Any CPU
		{8906ED1A-8CBD-4C7B-A01B-3C9DB956FEF0}.Debug|x64.Build.0 = Debug|Any CPU
		{8906ED1A-8CBD-4C7B-A01B-3C9DB956FEF0}.Debug|x86.ActiveCfg = Debug|Any CPU
		{8906ED1A-8CBD-4C7B-A01B-3C9DB956FEF0}.Debug|x86.Build.0 = Debug|Any CPU
		{8906ED1A-8CBD-4C7B-A01B-3C9DB956FEF0}.Release|Any CPU.ActiveCfg = Release|Any CPU
		{8906ED1A-8CBD-4C7B-A01B-3C9DB956FEF0}.Release|Any CPU.Build.0 = Release|Any CPU
		{8906ED1A-8CBD-4C7B-A01B-3C9DB956FEF0}.Release|x64.ActiveCfg = Release|Any CPU
		{8906ED1A-8CBD-4C7B-A01B-3C9DB956FEF0}.Release|x64.Build.0 = Release|Any CPU
		{8906ED1A-8CBD-4C7B-A01B-3C9DB956FEF0}.Release|x86.ActiveCfg = Release|Any CPU
		{8906ED1A-8CBD-4C7B-A01B-3C9DB956FEF0}.Release|x86.Build.0 = Release|Any CPU
		{7391D385-38CC-4A89-B249-EAD6F80D383B}.Debug|Any CPU.ActiveCfg = Debug|Any CPU
		{7391D385-38CC-4A89-B249-EAD6F80D383B}.Debug|Any CPU.Build.0 = Debug|Any CPU
		{7391D385-38CC-4A89-B249-EAD6F80D383B}.Debug|x64.ActiveCfg = Debug|Any CPU
		{7391D385-38CC-4A89-B249-EAD6F80D383B}.Debug|x64.Build.0 = Debug|Any CPU
		{7391D385-38CC-4A89-B249-EAD6F80D383B}.Debug|x86.ActiveCfg = Debug|Any CPU
		{7391D385-38CC-4A89-B249-EAD6F80D383B}.Debug|x86.Build.0 = Debug|Any CPU
		{7391D385-38CC-4A89-B249-EAD6F80D383B}.Release|Any CPU.ActiveCfg = Release|Any CPU
		{7391D385-38CC-4A89-B249-EAD6F80D383B}.Release|Any CPU.Build.0 = Release|Any CPU
		{7391D385-38CC-4A89-B249-EAD6F80D383B}.Release|x64.ActiveCfg = Release|Any CPU
		{7391D385-38CC-4A89-B249-EAD6F80D383B}.Release|x64.Build.0 = Release|Any CPU
		{7391D385-38CC-4A89-B249-EAD6F80D383B}.Release|x86.ActiveCfg = Release|Any CPU
		{7391D385-38CC-4A89-B249-EAD6F80D383B}.Release|x86.Build.0 = Release|Any CPU
		{29570AEC-C68D-4C6C-A3F7-F89A64045F25}.Debug|Any CPU.ActiveCfg = Debug|Any CPU
		{29570AEC-C68D-4C6C-A3F7-F89A64045F25}.Debug|Any CPU.Build.0 = Debug|Any CPU
		{29570AEC-C68D-4C6C-A3F7-F89A64045F25}.Debug|x64.ActiveCfg = Debug|Any CPU
		{29570AEC-C68D-4C6C-A3F7-F89A64045F25}.Debug|x64.Build.0 = Debug|Any CPU
		{29570AEC-C68D-4C6C-A3F7-F89A64045F25}.Debug|x86.ActiveCfg = Debug|Any CPU
		{29570AEC-C68D-4C6C-A3F7-F89A64045F25}.Debug|x86.Build.0 = Debug|Any CPU
		{29570AEC-C68D-4C6C-A3F7-F89A64045F25}.Release|Any CPU.ActiveCfg = Release|Any CPU
		{29570AEC-C68D-4C6C-A3F7-F89A64045F25}.Release|Any CPU.Build.0 = Release|Any CPU
		{29570AEC-C68D-4C6C-A3F7-F89A64045F25}.Release|x64.ActiveCfg = Release|Any CPU
		{29570AEC-C68D-4C6C-A3F7-F89A64045F25}.Release|x64.Build.0 = Release|Any CPU
		{29570AEC-C68D-4C6C-A3F7-F89A64045F25}.Release|x86.ActiveCfg = Release|Any CPU
		{29570AEC-C68D-4C6C-A3F7-F89A64045F25}.Release|x86.Build.0 = Release|Any CPU
		{81F101CA-F33D-45AE-8A40-FE6E4F2289B3}.Debug|Any CPU.ActiveCfg = Debug|Any CPU
		{81F101CA-F33D-45AE-8A40-FE6E4F2289B3}.Debug|Any CPU.Build.0 = Debug|Any CPU
		{81F101CA-F33D-45AE-8A40-FE6E4F2289B3}.Debug|x64.ActiveCfg = Debug|Any CPU
		{81F101CA-F33D-45AE-8A40-FE6E4F2289B3}.Debug|x64.Build.0 = Debug|Any CPU
		{81F101CA-F33D-45AE-8A40-FE6E4F2289B3}.Debug|x86.ActiveCfg = Debug|Any CPU
		{81F101CA-F33D-45AE-8A40-FE6E4F2289B3}.Debug|x86.Build.0 = Debug|Any CPU
		{81F101CA-F33D-45AE-8A40-FE6E4F2289B3}.Release|Any CPU.ActiveCfg = Release|Any CPU
		{81F101CA-F33D-45AE-8A40-FE6E4F2289B3}.Release|Any CPU.Build.0 = Release|Any CPU
		{81F101CA-F33D-45AE-8A40-FE6E4F2289B3}.Release|x64.ActiveCfg = Release|Any CPU
		{81F101CA-F33D-45AE-8A40-FE6E4F2289B3}.Release|x64.Build.0 = Release|Any CPU
		{81F101CA-F33D-45AE-8A40-FE6E4F2289B3}.Release|x86.ActiveCfg = Release|Any CPU
		{81F101CA-F33D-45AE-8A40-FE6E4F2289B3}.Release|x86.Build.0 = Release|Any CPU
		{FBA9DC07-E8A5-4B13-8A0B-4ED115FA5EFB}.Debug|Any CPU.ActiveCfg = Debug|Any CPU
		{FBA9DC07-E8A5-4B13-8A0B-4ED115FA5EFB}.Debug|Any CPU.Build.0 = Debug|Any CPU
		{FBA9DC07-E8A5-4B13-8A0B-4ED115FA5EFB}.Debug|x64.ActiveCfg = Debug|Any CPU
		{FBA9DC07-E8A5-4B13-8A0B-4ED115FA5EFB}.Debug|x64.Build.0 = Debug|Any CPU
		{FBA9DC07-E8A5-4B13-8A0B-4ED115FA5EFB}.Debug|x86.ActiveCfg = Debug|Any CPU
		{FBA9DC07-E8A5-4B13-8A0B-4ED115FA5EFB}.Debug|x86.Build.0 = Debug|Any CPU
		{FBA9DC07-E8A5-4B13-8A0B-4ED115FA5EFB}.Release|Any CPU.ActiveCfg = Release|Any CPU
		{FBA9DC07-E8A5-4B13-8A0B-4ED115FA5EFB}.Release|Any CPU.Build.0 = Release|Any CPU
		{FBA9DC07-E8A5-4B13-8A0B-4ED115FA5EFB}.Release|x64.ActiveCfg = Release|Any CPU
		{FBA9DC07-E8A5-4B13-8A0B-4ED115FA5EFB}.Release|x64.Build.0 = Release|Any CPU
		{FBA9DC07-E8A5-4B13-8A0B-4ED115FA5EFB}.Release|x86.ActiveCfg = Release|Any CPU
		{FBA9DC07-E8A5-4B13-8A0B-4ED115FA5EFB}.Release|x86.Build.0 = Release|Any CPU
		{0E6AEBD2-568D-4C0E-B5E8-5F9A8D5732B1}.Debug|Any CPU.ActiveCfg = Debug|Any CPU
		{0E6AEBD2-568D-4C0E-B5E8-5F9A8D5732B1}.Debug|Any CPU.Build.0 = Debug|Any CPU
		{0E6AEBD2-568D-4C0E-B5E8-5F9A8D5732B1}.Debug|x64.ActiveCfg = Debug|Any CPU
		{0E6AEBD2-568D-4C0E-B5E8-5F9A8D5732B1}.Debug|x64.Build.0 = Debug|Any CPU
		{0E6AEBD2-568D-4C0E-B5E8-5F9A8D5732B1}.Debug|x86.ActiveCfg = Debug|Any CPU
		{0E6AEBD2-568D-4C0E-B5E8-5F9A8D5732B1}.Debug|x86.Build.0 = Debug|Any CPU
		{0E6AEBD2-568D-4C0E-B5E8-5F9A8D5732B1}.Release|Any CPU.ActiveCfg = Release|Any CPU
		{0E6AEBD2-568D-4C0E-B5E8-5F9A8D5732B1}.Release|Any CPU.Build.0 = Release|Any CPU
		{0E6AEBD2-568D-4C0E-B5E8-5F9A8D5732B1}.Release|x64.ActiveCfg = Release|Any CPU
		{0E6AEBD2-568D-4C0E-B5E8-5F9A8D5732B1}.Release|x64.Build.0 = Release|Any CPU
		{0E6AEBD2-568D-4C0E-B5E8-5F9A8D5732B1}.Release|x86.ActiveCfg = Release|Any CPU
		{0E6AEBD2-568D-4C0E-B5E8-5F9A8D5732B1}.Release|x86.Build.0 = Release|Any CPU
	EndGlobalSection
	GlobalSection(SolutionProperties) = preSolution
		HideSolutionNode = FALSE
	EndGlobalSection
	GlobalSection(NestedProjects) = preSolution
		{7391D385-38CC-4A89-B249-EAD6F80D383B} = {0AB3BF05-4346-4AA6-1389-037BE0695223}
		{29570AEC-C68D-4C6C-A3F7-F89A64045F25} = {0AB3BF05-4346-4AA6-1389-037BE0695223}
		{81F101CA-F33D-45AE-8A40-FE6E4F2289B3} = {0AB3BF05-4346-4AA6-1389-037BE0695223}
		{FBA9DC07-E8A5-4B13-8A0B-4ED115FA5EFB} = {0AB3BF05-4346-4AA6-1389-037BE0695223}
		{0E6AEBD2-568D-4C0E-B5E8-5F9A8D5732B1} = {0AB3BF05-4346-4AA6-1389-037BE0695223}
	EndGlobalSection
	GlobalSection(ExtensibilityGlobals) = postSolution
		SolutionGuid = {D0EB87A5-373C-4909-9048-3A44A3ACA782}
	EndGlobalSection
EndGlobal
